// !$*UTF8*$!
{
	archiveVersion = 1;
	classes = {
	};
	objectVersion = 46;
	objects = {

/* Begin PBXBuildFile section */
		2F1F1E041842FCC300C77BC8 /* PTMeetingDateRange.m in Sources */ = {isa = PBXBuildFile; fileRef = 2F1F1E031842FCC300C77BC8 /* PTMeetingDateRange.m */; };
		2F60C1551843EF8600EAA758 /* NSDate+Compare.m in Sources */ = {isa = PBXBuildFile; fileRef = 2F60C1541843EF8600EAA758 /* NSDate+Compare.m */; };
		2F60C158184447E100EAA758 /* PTPushModel.m in Sources */ = {isa = PBXBuildFile; fileRef = 2F60C157184447E100EAA758 /* PTPushModel.m */; };
		2F60C15B18446F2F00EAA758 /* PTEditSettingsViewController.m in Sources */ = {isa = PBXBuildFile; fileRef = 2F60C15A18446F2F00EAA758 /* PTEditSettingsViewController.m */; };
		2F60C15F1844776100EAA758 /* NSString+Email.m in Sources */ = {isa = PBXBuildFile; fileRef = 2F60C15E1844776100EAA758 /* NSString+Email.m */; };
		2F60C16318458E2C00EAA758 /* PTMembershipModel.m in Sources */ = {isa = PBXBuildFile; fileRef = 2F60C16218458E2C00EAA758 /* PTMembershipModel.m */; };
		2F61D11E185953730045EBA9 /* PerfecTiming.png in Resources */ = {isa = PBXBuildFile; fileRef = 2F61D11D185953730045EBA9 /* PerfecTiming.png */; };
		2F61D121185A8F0A0045EBA9 /* PTChannelModel.m in Sources */ = {isa = PBXBuildFile; fileRef = 2F61D120185A8F0A0045EBA9 /* PTChannelModel.m */; };
		2F63EF3F18393ECC004137C7 /* MBProgressHUD.m in Sources */ = {isa = PBXBuildFile; fileRef = 2F63EF3E18393ECC004137C7 /* MBProgressHUD.m */; };
		2F63EF40183943F7004137C7 /* Constants.m in Sources */ = {isa = PBXBuildFile; fileRef = 2F63EF3B18374D58004137C7 /* Constants.m */; };
		2F63EF431839806E004137C7 /* PTMembership.m in Sources */ = {isa = PBXBuildFile; fileRef = 2F63EF421839806E004137C7 /* PTMembership.m */; };
		2F63EF461839937E004137C7 /* PTAddMembershipViewController.m in Sources */ = {isa = PBXBuildFile; fileRef = 2F63EF451839937E004137C7 /* PTAddMembershipViewController.m */; };
		2F63EF4C1839B759004137C7 /* PTManagedGroupInfoViewController.m in Sources */ = {isa = PBXBuildFile; fileRef = 2F63EF4B1839B759004137C7 /* PTManagedGroupInfoViewController.m */; };
		2F63EF50183A6E59004137C7 /* PTManagedMeetingsViewController.m in Sources */ = {isa = PBXBuildFile; fileRef = 2F63EF4F183A6E59004137C7 /* PTManagedMeetingsViewController.m */; };
		2F63EF53183A6F6A004137C7 /* PTMeeting.m in Sources */ = {isa = PBXBuildFile; fileRef = 2F63EF52183A6F6A004137C7 /* PTMeeting.m */; };
		2F63EF57183AB18D004137C7 /* PTAddMeetingViewController.m in Sources */ = {isa = PBXBuildFile; fileRef = 2F63EF56183AB18D004137C7 /* PTAddMeetingViewController.m */; };
		2F63EF5E183ABF2B004137C7 /* PTGroupMembersViewController.m in Sources */ = {isa = PBXBuildFile; fileRef = 2F63EF5D183ABF2B004137C7 /* PTGroupMembersViewController.m */; };
		2F63EF61183ADB09004137C7 /* PTGroupMemberInfoViewController.m in Sources */ = {isa = PBXBuildFile; fileRef = 2F63EF60183ADB09004137C7 /* PTGroupMemberInfoViewController.m */; };
		2F63EF64183AEDFF004137C7 /* PTManagedMeetingTimesViewController.m in Sources */ = {isa = PBXBuildFile; fileRef = 2F63EF63183AEDFF004137C7 /* PTManagedMeetingTimesViewController.m */; };
		2F63EF67183AEF65004137C7 /* PTManagedMeetingInfoViewController.m in Sources */ = {isa = PBXBuildFile; fileRef = 2F63EF66183AEF65004137C7 /* PTManagedMeetingInfoViewController.m */; };
		2F63EF6A183AF493004137C7 /* PTMeetingTime.m in Sources */ = {isa = PBXBuildFile; fileRef = 2F63EF69183AF493004137C7 /* PTMeetingTime.m */; };
		2F63EF6D183B2E59004137C7 /* PTCreateMeetingTimeViewController.m in Sources */ = {isa = PBXBuildFile; fileRef = 2F63EF6C183B2E59004137C7 /* PTCreateMeetingTimeViewController.m */; };
		2F63EF73183BFC9E004137C7 /* PTMeetingAttendee.m in Sources */ = {isa = PBXBuildFile; fileRef = 2F63EF72183BFC9E004137C7 /* PTMeetingAttendee.m */; };
		2F63EF7C183C5290004137C7 /* PTMeetingAttendeeAvailabilitiesViewController.m in Sources */ = {isa = PBXBuildFile; fileRef = 2F63EF7B183C5290004137C7 /* PTMeetingAttendeeAvailabilitiesViewController.m */; };
		2F63EF7F183EA757004137C7 /* PTMembershipMeetingsViewController.m in Sources */ = {isa = PBXBuildFile; fileRef = 2F63EF7E183EA757004137C7 /* PTMembershipMeetingsViewController.m */; };
		2F63EF82183F0E47004137C7 /* EventKit.framework in Frameworks */ = {isa = PBXBuildFile; fileRef = 2F63EF80183F0E47004137C7 /* EventKit.framework */; };
		2F63EF83183F0E47004137C7 /* EventKitUI.framework in Frameworks */ = {isa = PBXBuildFile; fileRef = 2F63EF81183F0E47004137C7 /* EventKitUI.framework */; };
		2F63EF86183FFE0B004137C7 /* PTMeetingAvailabilityModel.m in Sources */ = {isa = PBXBuildFile; fileRef = 2F63EF85183FFE0B004137C7 /* PTMeetingAvailabilityModel.m */; };
		2FAD3069185C2B5D00B06B49 /* PTNotificationsViewController.m in Sources */ = {isa = PBXBuildFile; fileRef = 2FAD3068185C2B5D00B06B49 /* PTNotificationsViewController.m */; };
		2FAD306C185C2BF800B06B49 /* PTNotification.m in Sources */ = {isa = PBXBuildFile; fileRef = 2FAD306B185C2BF800B06B49 /* PTNotification.m */; };
		2FAD306F185E9AF200B06B49 /* PTMembershipInfoViewController.m in Sources */ = {isa = PBXBuildFile; fileRef = 2FAD306E185E9AF200B06B49 /* PTMembershipInfoViewController.m */; };
		2FAEB12518558C3F0066B1D3 /* PTMeetingTimeCell.m in Sources */ = {isa = PBXBuildFile; fileRef = 2FAEB12418558C3F0066B1D3 /* PTMeetingTimeCell.m */; };
		2FAEB127185636ED0066B1D3 /* PTMeetingTimeCell.xib in Resources */ = {isa = PBXBuildFile; fileRef = 2FAEB126185636ED0066B1D3 /* PTMeetingTimeCell.xib */; };
		2FAEB1491856DF120066B1D3 /* Icon-72.png in Resources */ = {isa = PBXBuildFile; fileRef = 2FAEB13F1856DF120066B1D3 /* Icon-72.png */; };
		2FAEB14A1856DF120066B1D3 /* Icon-72@2x.png in Resources */ = {isa = PBXBuildFile; fileRef = 2FAEB1401856DF120066B1D3 /* Icon-72@2x.png */; };
		2FAEB14B1856DF120066B1D3 /* Icon-Small-50.png in Resources */ = {isa = PBXBuildFile; fileRef = 2FAEB1411856DF120066B1D3 /* Icon-Small-50.png */; };
		2FAEB14C1856DF120066B1D3 /* Icon-Small-50@2x.png in Resources */ = {isa = PBXBuildFile; fileRef = 2FAEB1421856DF120066B1D3 /* Icon-Small-50@2x.png */; };
		2FAEB14D1856DF120066B1D3 /* Icon-Small.png in Resources */ = {isa = PBXBuildFile; fileRef = 2FAEB1431856DF120066B1D3 /* Icon-Small.png */; };
		2FAEB14E1856DF120066B1D3 /* Icon-Small@2x.png in Resources */ = {isa = PBXBuildFile; fileRef = 2FAEB1441856DF120066B1D3 /* Icon-Small@2x.png */; };
		2FAEB14F1856DF120066B1D3 /* Icon.png in Resources */ = {isa = PBXBuildFile; fileRef = 2FAEB1451856DF120066B1D3 /* Icon.png */; };
		2FAEB1501856DF120066B1D3 /* Icon@2x.png in Resources */ = {isa = PBXBuildFile; fileRef = 2FAEB1461856DF120066B1D3 /* Icon@2x.png */; };
		2FAEB1511856DF120066B1D3 /* iTunesArtwork.png in Resources */ = {isa = PBXBuildFile; fileRef = 2FAEB1471856DF120066B1D3 /* iTunesArtwork.png */; };
		2FAEB1521856DF120066B1D3 /* iTunesArtwork@2x.png in Resources */ = {isa = PBXBuildFile; fileRef = 2FAEB1481856DF120066B1D3 /* iTunesArtwork@2x.png */; };
		2FDBDCA1184905C4001B24DA /* PFUser+Compare.m in Sources */ = {isa = PBXBuildFile; fileRef = 2FDBDCA0184905C4001B24DA /* PFUser+Compare.m */; };
		C81108501831AF690045BD85 /* PTRevealViewController.m in Sources */ = {isa = PBXBuildFile; fileRef = C811084F1831AF690045BD85 /* PTRevealViewController.m */; };
		C830B99C1832D259000FFD65 /* PTManagedGroupsViewController.m in Sources */ = {isa = PBXBuildFile; fileRef = C830B99B1832D259000FFD65 /* PTManagedGroupsViewController.m */; };
		C830B99F1832D98A000FFD65 /* PTGroup.m in Sources */ = {isa = PBXBuildFile; fileRef = C830B99E1832D98A000FFD65 /* PTGroup.m */; };
		C830B9A51832E2C2000FFD65 /* PTAddManagedGroupViewController.m in Sources */ = {isa = PBXBuildFile; fileRef = C830B9A41832E2C2000FFD65 /* PTAddManagedGroupViewController.m */; };
		C83C85AD182DADB40028A722 /* Book.png in Resources */ = {isa = PBXBuildFile; fileRef = C83C859F182DADB40028A722 /* Book.png */; };
		C83C85AE182DADB40028A722 /* Calendar.png in Resources */ = {isa = PBXBuildFile; fileRef = C83C85A0182DADB40028A722 /* Calendar.png */; };
		C83C85B0182DADB40028A722 /* Clipboard.png in Resources */ = {isa = PBXBuildFile; fileRef = C83C85A2182DADB40028A722 /* Clipboard.png */; };
		C83C85B1182DADB40028A722 /* Compas.png in Resources */ = {isa = PBXBuildFile; fileRef = C83C85A3182DADB40028A722 /* Compas.png */; };
		C83C85B2182DADB40028A722 /* Gift-Box.png in Resources */ = {isa = PBXBuildFile; fileRef = C83C85A4182DADB40028A722 /* Gift-Box.png */; };
		C83C85B3182DADB40028A722 /* Infinity-Loop.png in Resources */ = {isa = PBXBuildFile; fileRef = C83C85A5182DADB40028A722 /* Infinity-Loop.png */; };
		C83C85B4182DADB40028A722 /* Mail.png in Resources */ = {isa = PBXBuildFile; fileRef = C83C85A6182DADB40028A722 /* Mail.png */; };
		C83C85B5182DADB40028A722 /* Map.png in Resources */ = {isa = PBXBuildFile; fileRef = C83C85A7182DADB40028A722 /* Map.png */; };
		C83C85B6182DADB40028A722 /* Pensils.png in Resources */ = {isa = PBXBuildFile; fileRef = C83C85A8182DADB40028A722 /* Pensils.png */; };
		C83C85B7182DADB40028A722 /* Pocket.png in Resources */ = {isa = PBXBuildFile; fileRef = C83C85A9182DADB40028A722 /* Pocket.png */; };
		C83C85B8182DADB40028A722 /* Retina-Ready.png in Resources */ = {isa = PBXBuildFile; fileRef = C83C85AA182DADB40028A722 /* Retina-Ready.png */; };
		C83C85B9182DADB40028A722 /* Toilet-Paper.png in Resources */ = {isa = PBXBuildFile; fileRef = C83C85AB182DADB40028A722 /* Toilet-Paper.png */; };
		C83C85BA182DADB40028A722 /* Watches.png in Resources */ = {isa = PBXBuildFile; fileRef = C83C85AC182DADB40028A722 /* Watches.png */; };
		C83C85C2182DB6220028A722 /* menu.png in Resources */ = {isa = PBXBuildFile; fileRef = C83C85C0182DB6210028A722 /* menu.png */; };
		C83C85C3182DB6220028A722 /* menu@2x.png in Resources */ = {isa = PBXBuildFile; fileRef = C83C85C1182DB6210028A722 /* menu@2x.png */; };
		C83C85CC182DB74E0028A722 /* PTMembershipViewController.m in Sources */ = {isa = PBXBuildFile; fileRef = C83C85CB182DB74E0028A722 /* PTMembershipViewController.m */; };
		C83C85CF182DB9BE0028A722 /* SWRevealViewController.m in Sources */ = {isa = PBXBuildFile; fileRef = C83C85BF182DB2470028A722 /* SWRevealViewController.m */; };
		C83C85D2182DBA8A0028A722 /* PTSidebarViewController.m in Sources */ = {isa = PBXBuildFile; fileRef = C83C85D1182DBA8A0028A722 /* PTSidebarViewController.m */; };
		C83C85D5182DC22F0028A722 /* PTSettingsViewController.m in Sources */ = {isa = PBXBuildFile; fileRef = C83C85D4182DC22F0028A722 /* PTSettingsViewController.m */; };
		C86268D21828781C0092B910 /* UIKit.framework in Frameworks */ = {isa = PBXBuildFile; fileRef = C86268D11828781C0092B910 /* UIKit.framework */; };
		C86268D41828781C0092B910 /* Foundation.framework in Frameworks */ = {isa = PBXBuildFile; fileRef = C86268D31828781C0092B910 /* Foundation.framework */; };
		C86268D61828781C0092B910 /* CoreGraphics.framework in Frameworks */ = {isa = PBXBuildFile; fileRef = C86268D51828781C0092B910 /* CoreGraphics.framework */; };
		C86268DC1828781C0092B910 /* InfoPlist.strings in Resources */ = {isa = PBXBuildFile; fileRef = C86268DA1828781C0092B910 /* InfoPlist.strings */; };
		C86268DE1828781C0092B910 /* main.m in Sources */ = {isa = PBXBuildFile; fileRef = C86268DD1828781C0092B910 /* main.m */; };
		C86268E21828781C0092B910 /* PTAppDelegate.m in Sources */ = {isa = PBXBuildFile; fileRef = C86268E11828781C0092B910 /* PTAppDelegate.m */; };
		C86268E41828781C0092B910 /* Default.png in Resources */ = {isa = PBXBuildFile; fileRef = C86268E31828781C0092B910 /* Default.png */; };
		C86268E61828781C0092B910 /* Default@2x.png in Resources */ = {isa = PBXBuildFile; fileRef = C86268E51828781C0092B910 /* Default@2x.png */; };
		C86268E81828781C0092B910 /* Default-568h@2x.png in Resources */ = {isa = PBXBuildFile; fileRef = C86268E71828781C0092B910 /* Default-568h@2x.png */; };
		C86268EB1828781C0092B910 /* MainStoryboard.storyboard in Resources */ = {isa = PBXBuildFile; fileRef = C86268E91828781C0092B910 /* MainStoryboard.storyboard */; };
		C86268F5182878900092B910 /* Parse.framework in Frameworks */ = {isa = PBXBuildFile; fileRef = C86268F4182878900092B910 /* Parse.framework */; };
		C86268F7182878FE0092B910 /* AudioToolbox.framework in Frameworks */ = {isa = PBXBuildFile; fileRef = C86268F6182878FE0092B910 /* AudioToolbox.framework */; };
		C86268F9182879040092B910 /* CFNetwork.framework in Frameworks */ = {isa = PBXBuildFile; fileRef = C86268F8182879040092B910 /* CFNetwork.framework */; };
		C86268FB1828791A0092B910 /* CoreLocation.framework in Frameworks */ = {isa = PBXBuildFile; fileRef = C86268FA1828791A0092B910 /* CoreLocation.framework */; };
		C86268FD182879250092B910 /* libz.1.1.3.dylib in Frameworks */ = {isa = PBXBuildFile; fileRef = C86268FC182879250092B910 /* libz.1.1.3.dylib */; };
		C86268FF1828792E0092B910 /* MobileCoreServices.framework in Frameworks */ = {isa = PBXBuildFile; fileRef = C86268FE1828792E0092B910 /* MobileCoreServices.framework */; };
		C8626901182879360092B910 /* QuartzCore.framework in Frameworks */ = {isa = PBXBuildFile; fileRef = C8626900182879360092B910 /* QuartzCore.framework */; };
		C86269031828793B0092B910 /* Security.framework in Frameworks */ = {isa = PBXBuildFile; fileRef = C86269021828793B0092B910 /* Security.framework */; };
		C8626907182879480092B910 /* SystemConfiguration.framework in Frameworks */ = {isa = PBXBuildFile; fileRef = C8626906182879480092B910 /* SystemConfiguration.framework */; };
/* End PBXBuildFile section */

/* Begin PBXFileReference section */
		2F1F1E021842FCC300C77BC8 /* PTMeetingDateRange.h */ = {isa = PBXFileReference; fileEncoding = 4; lastKnownFileType = sourcecode.c.h; path = PTMeetingDateRange.h; sourceTree = "<group>"; };
		2F1F1E031842FCC300C77BC8 /* PTMeetingDateRange.m */ = {isa = PBXFileReference; fileEncoding = 4; lastKnownFileType = sourcecode.c.objc; path = PTMeetingDateRange.m; sourceTree = "<group>"; };
		2F60C1531843EF8600EAA758 /* NSDate+Compare.h */ = {isa = PBXFileReference; fileEncoding = 4; lastKnownFileType = sourcecode.c.h; path = "NSDate+Compare.h"; sourceTree = "<group>"; };
		2F60C1541843EF8600EAA758 /* NSDate+Compare.m */ = {isa = PBXFileReference; fileEncoding = 4; lastKnownFileType = sourcecode.c.objc; path = "NSDate+Compare.m"; sourceTree = "<group>"; };
		2F60C156184447E100EAA758 /* PTPushModel.h */ = {isa = PBXFileReference; fileEncoding = 4; lastKnownFileType = sourcecode.c.h; path = PTPushModel.h; sourceTree = "<group>"; };
		2F60C157184447E100EAA758 /* PTPushModel.m */ = {isa = PBXFileReference; fileEncoding = 4; lastKnownFileType = sourcecode.c.objc; path = PTPushModel.m; sourceTree = "<group>"; };
		2F60C15918446F2F00EAA758 /* PTEditSettingsViewController.h */ = {isa = PBXFileReference; fileEncoding = 4; lastKnownFileType = sourcecode.c.h; path = PTEditSettingsViewController.h; sourceTree = "<group>"; };
		2F60C15A18446F2F00EAA758 /* PTEditSettingsViewController.m */ = {isa = PBXFileReference; fileEncoding = 4; lastKnownFileType = sourcecode.c.objc; path = PTEditSettingsViewController.m; sourceTree = "<group>"; };
		2F60C15D1844776100EAA758 /* NSString+Email.h */ = {isa = PBXFileReference; fileEncoding = 4; lastKnownFileType = sourcecode.c.h; path = "NSString+Email.h"; sourceTree = "<group>"; };
		2F60C15E1844776100EAA758 /* NSString+Email.m */ = {isa = PBXFileReference; fileEncoding = 4; lastKnownFileType = sourcecode.c.objc; path = "NSString+Email.m"; sourceTree = "<group>"; };
		2F60C16118458E2C00EAA758 /* PTMembershipModel.h */ = {isa = PBXFileReference; fileEncoding = 4; lastKnownFileType = sourcecode.c.h; path = PTMembershipModel.h; sourceTree = "<group>"; };
		2F60C16218458E2C00EAA758 /* PTMembershipModel.m */ = {isa = PBXFileReference; fileEncoding = 4; lastKnownFileType = sourcecode.c.objc; path = PTMembershipModel.m; sourceTree = "<group>"; };
		2F61D11D185953730045EBA9 /* PerfecTiming.png */ = {isa = PBXFileReference; lastKnownFileType = image.png; path = PerfecTiming.png; sourceTree = "<group>"; };
		2F61D11F185A8F0A0045EBA9 /* PTChannelModel.h */ = {isa = PBXFileReference; fileEncoding = 4; lastKnownFileType = sourcecode.c.h; path = PTChannelModel.h; sourceTree = "<group>"; };
		2F61D120185A8F0A0045EBA9 /* PTChannelModel.m */ = {isa = PBXFileReference; fileEncoding = 4; lastKnownFileType = sourcecode.c.objc; path = PTChannelModel.m; sourceTree = "<group>"; };
		2F63EF3A18374D58004137C7 /* Constants.h */ = {isa = PBXFileReference; fileEncoding = 4; lastKnownFileType = sourcecode.c.h; path = Constants.h; sourceTree = "<group>"; };
		2F63EF3B18374D58004137C7 /* Constants.m */ = {isa = PBXFileReference; fileEncoding = 4; lastKnownFileType = sourcecode.c.objc; path = Constants.m; sourceTree = "<group>"; };
		2F63EF3D18393ECC004137C7 /* MBProgressHUD.h */ = {isa = PBXFileReference; fileEncoding = 4; lastKnownFileType = sourcecode.c.h; path = MBProgressHUD.h; sourceTree = "<group>"; };
		2F63EF3E18393ECC004137C7 /* MBProgressHUD.m */ = {isa = PBXFileReference; fileEncoding = 4; lastKnownFileType = sourcecode.c.objc; path = MBProgressHUD.m; sourceTree = "<group>"; };
		2F63EF411839806E004137C7 /* PTMembership.h */ = {isa = PBXFileReference; fileEncoding = 4; lastKnownFileType = sourcecode.c.h; path = PTMembership.h; sourceTree = "<group>"; };
		2F63EF421839806E004137C7 /* PTMembership.m */ = {isa = PBXFileReference; fileEncoding = 4; lastKnownFileType = sourcecode.c.objc; path = PTMembership.m; sourceTree = "<group>"; };
		2F63EF441839937E004137C7 /* PTAddMembershipViewController.h */ = {isa = PBXFileReference; fileEncoding = 4; lastKnownFileType = sourcecode.c.h; path = PTAddMembershipViewController.h; sourceTree = "<group>"; };
		2F63EF451839937E004137C7 /* PTAddMembershipViewController.m */ = {isa = PBXFileReference; fileEncoding = 4; lastKnownFileType = sourcecode.c.objc; path = PTAddMembershipViewController.m; sourceTree = "<group>"; };
		2F63EF4A1839B759004137C7 /* PTManagedGroupInfoViewController.h */ = {isa = PBXFileReference; fileEncoding = 4; lastKnownFileType = sourcecode.c.h; path = PTManagedGroupInfoViewController.h; sourceTree = "<group>"; };
		2F63EF4B1839B759004137C7 /* PTManagedGroupInfoViewController.m */ = {isa = PBXFileReference; fileEncoding = 4; lastKnownFileType = sourcecode.c.objc; path = PTManagedGroupInfoViewController.m; sourceTree = "<group>"; };
		2F63EF4E183A6E59004137C7 /* PTManagedMeetingsViewController.h */ = {isa = PBXFileReference; fileEncoding = 4; lastKnownFileType = sourcecode.c.h; path = PTManagedMeetingsViewController.h; sourceTree = "<group>"; };
		2F63EF4F183A6E59004137C7 /* PTManagedMeetingsViewController.m */ = {isa = PBXFileReference; fileEncoding = 4; lastKnownFileType = sourcecode.c.objc; path = PTManagedMeetingsViewController.m; sourceTree = "<group>"; };
		2F63EF51183A6F6A004137C7 /* PTMeeting.h */ = {isa = PBXFileReference; fileEncoding = 4; lastKnownFileType = sourcecode.c.h; path = PTMeeting.h; sourceTree = "<group>"; };
		2F63EF52183A6F6A004137C7 /* PTMeeting.m */ = {isa = PBXFileReference; fileEncoding = 4; lastKnownFileType = sourcecode.c.objc; path = PTMeeting.m; sourceTree = "<group>"; };
		2F63EF55183AB18D004137C7 /* PTAddMeetingViewController.h */ = {isa = PBXFileReference; fileEncoding = 4; lastKnownFileType = sourcecode.c.h; path = PTAddMeetingViewController.h; sourceTree = "<group>"; };
		2F63EF56183AB18D004137C7 /* PTAddMeetingViewController.m */ = {isa = PBXFileReference; fileEncoding = 4; lastKnownFileType = sourcecode.c.objc; path = PTAddMeetingViewController.m; sourceTree = "<group>"; };
		2F63EF5C183ABF2B004137C7 /* PTGroupMembersViewController.h */ = {isa = PBXFileReference; fileEncoding = 4; lastKnownFileType = sourcecode.c.h; path = PTGroupMembersViewController.h; sourceTree = "<group>"; };
		2F63EF5D183ABF2B004137C7 /* PTGroupMembersViewController.m */ = {isa = PBXFileReference; fileEncoding = 4; lastKnownFileType = sourcecode.c.objc; path = PTGroupMembersViewController.m; sourceTree = "<group>"; };
		2F63EF5F183ADB09004137C7 /* PTGroupMemberInfoViewController.h */ = {isa = PBXFileReference; fileEncoding = 4; lastKnownFileType = sourcecode.c.h; path = PTGroupMemberInfoViewController.h; sourceTree = "<group>"; };
		2F63EF60183ADB09004137C7 /* PTGroupMemberInfoViewController.m */ = {isa = PBXFileReference; fileEncoding = 4; lastKnownFileType = sourcecode.c.objc; path = PTGroupMemberInfoViewController.m; sourceTree = "<group>"; };
		2F63EF62183AEDFF004137C7 /* PTManagedMeetingTimesViewController.h */ = {isa = PBXFileReference; fileEncoding = 4; lastKnownFileType = sourcecode.c.h; path = PTManagedMeetingTimesViewController.h; sourceTree = "<group>"; };
		2F63EF63183AEDFF004137C7 /* PTManagedMeetingTimesViewController.m */ = {isa = PBXFileReference; fileEncoding = 4; lastKnownFileType = sourcecode.c.objc; path = PTManagedMeetingTimesViewController.m; sourceTree = "<group>"; };
		2F63EF65183AEF65004137C7 /* PTManagedMeetingInfoViewController.h */ = {isa = PBXFileReference; fileEncoding = 4; lastKnownFileType = sourcecode.c.h; path = PTManagedMeetingInfoViewController.h; sourceTree = "<group>"; };
		2F63EF66183AEF65004137C7 /* PTManagedMeetingInfoViewController.m */ = {isa = PBXFileReference; fileEncoding = 4; lastKnownFileType = sourcecode.c.objc; path = PTManagedMeetingInfoViewController.m; sourceTree = "<group>"; };
		2F63EF68183AF493004137C7 /* PTMeetingTime.h */ = {isa = PBXFileReference; fileEncoding = 4; lastKnownFileType = sourcecode.c.h; path = PTMeetingTime.h; sourceTree = "<group>"; };
		2F63EF69183AF493004137C7 /* PTMeetingTime.m */ = {isa = PBXFileReference; fileEncoding = 4; lastKnownFileType = sourcecode.c.objc; path = PTMeetingTime.m; sourceTree = "<group>"; };
		2F63EF6B183B2E59004137C7 /* PTCreateMeetingTimeViewController.h */ = {isa = PBXFileReference; fileEncoding = 4; lastKnownFileType = sourcecode.c.h; path = PTCreateMeetingTimeViewController.h; sourceTree = "<group>"; };
		2F63EF6C183B2E59004137C7 /* PTCreateMeetingTimeViewController.m */ = {isa = PBXFileReference; fileEncoding = 4; lastKnownFileType = sourcecode.c.objc; path = PTCreateMeetingTimeViewController.m; sourceTree = "<group>"; };
		2F63EF71183BFC9E004137C7 /* PTMeetingAttendee.h */ = {isa = PBXFileReference; fileEncoding = 4; lastKnownFileType = sourcecode.c.h; path = PTMeetingAttendee.h; sourceTree = "<group>"; };
		2F63EF72183BFC9E004137C7 /* PTMeetingAttendee.m */ = {isa = PBXFileReference; fileEncoding = 4; lastKnownFileType = sourcecode.c.objc; path = PTMeetingAttendee.m; sourceTree = "<group>"; };
		2F63EF7A183C5290004137C7 /* PTMeetingAttendeeAvailabilitiesViewController.h */ = {isa = PBXFileReference; fileEncoding = 4; lastKnownFileType = sourcecode.c.h; path = PTMeetingAttendeeAvailabilitiesViewController.h; sourceTree = "<group>"; };
		2F63EF7B183C5290004137C7 /* PTMeetingAttendeeAvailabilitiesViewController.m */ = {isa = PBXFileReference; fileEncoding = 4; lastKnownFileType = sourcecode.c.objc; path = PTMeetingAttendeeAvailabilitiesViewController.m; sourceTree = "<group>"; };
		2F63EF7D183EA757004137C7 /* PTMembershipMeetingsViewController.h */ = {isa = PBXFileReference; fileEncoding = 4; lastKnownFileType = sourcecode.c.h; path = PTMembershipMeetingsViewController.h; sourceTree = "<group>"; };
		2F63EF7E183EA757004137C7 /* PTMembershipMeetingsViewController.m */ = {isa = PBXFileReference; fileEncoding = 4; lastKnownFileType = sourcecode.c.objc; path = PTMembershipMeetingsViewController.m; sourceTree = "<group>"; };
		2F63EF80183F0E47004137C7 /* EventKit.framework */ = {isa = PBXFileReference; lastKnownFileType = wrapper.framework; name = EventKit.framework; path = System/Library/Frameworks/EventKit.framework; sourceTree = SDKROOT; };
		2F63EF81183F0E47004137C7 /* EventKitUI.framework */ = {isa = PBXFileReference; lastKnownFileType = wrapper.framework; name = EventKitUI.framework; path = System/Library/Frameworks/EventKitUI.framework; sourceTree = SDKROOT; };
		2F63EF84183FFE0B004137C7 /* PTMeetingAvailabilityModel.h */ = {isa = PBXFileReference; fileEncoding = 4; lastKnownFileType = sourcecode.c.h; path = PTMeetingAvailabilityModel.h; sourceTree = "<group>"; };
		2F63EF85183FFE0B004137C7 /* PTMeetingAvailabilityModel.m */ = {isa = PBXFileReference; fileEncoding = 4; lastKnownFileType = sourcecode.c.objc; path = PTMeetingAvailabilityModel.m; sourceTree = "<group>"; };
		2FAD3067185C2B5D00B06B49 /* PTNotificationsViewController.h */ = {isa = PBXFileReference; fileEncoding = 4; lastKnownFileType = sourcecode.c.h; path = PTNotificationsViewController.h; sourceTree = "<group>"; };
		2FAD3068185C2B5D00B06B49 /* PTNotificationsViewController.m */ = {isa = PBXFileReference; fileEncoding = 4; lastKnownFileType = sourcecode.c.objc; path = PTNotificationsViewController.m; sourceTree = "<group>"; };
		2FAD306A185C2BF800B06B49 /* PTNotification.h */ = {isa = PBXFileReference; fileEncoding = 4; lastKnownFileType = sourcecode.c.h; path = PTNotification.h; sourceTree = "<group>"; };
		2FAD306B185C2BF800B06B49 /* PTNotification.m */ = {isa = PBXFileReference; fileEncoding = 4; lastKnownFileType = sourcecode.c.objc; path = PTNotification.m; sourceTree = "<group>"; };
		2FAD306D185E9AF200B06B49 /* PTMembershipInfoViewController.h */ = {isa = PBXFileReference; fileEncoding = 4; lastKnownFileType = sourcecode.c.h; path = PTMembershipInfoViewController.h; sourceTree = "<group>"; };
		2FAD306E185E9AF200B06B49 /* PTMembershipInfoViewController.m */ = {isa = PBXFileReference; fileEncoding = 4; lastKnownFileType = sourcecode.c.objc; path = PTMembershipInfoViewController.m; sourceTree = "<group>"; };
		2FAEB12318558C3F0066B1D3 /* PTMeetingTimeCell.h */ = {isa = PBXFileReference; fileEncoding = 4; lastKnownFileType = sourcecode.c.h; path = PTMeetingTimeCell.h; sourceTree = "<group>"; };
		2FAEB12418558C3F0066B1D3 /* PTMeetingTimeCell.m */ = {isa = PBXFileReference; fileEncoding = 4; lastKnownFileType = sourcecode.c.objc; path = PTMeetingTimeCell.m; sourceTree = "<group>"; };
		2FAEB126185636ED0066B1D3 /* PTMeetingTimeCell.xib */ = {isa = PBXFileReference; fileEncoding = 4; lastKnownFileType = file.xib; path = PTMeetingTimeCell.xib; sourceTree = "<group>"; };
		2FAEB13F1856DF120066B1D3 /* Icon-72.png */ = {isa = PBXFileReference; lastKnownFileType = image.png; path = "Icon-72.png"; sourceTree = "<group>"; };
		2FAEB1401856DF120066B1D3 /* Icon-72@2x.png */ = {isa = PBXFileReference; lastKnownFileType = image.png; path = "Icon-72@2x.png"; sourceTree = "<group>"; };
		2FAEB1411856DF120066B1D3 /* Icon-Small-50.png */ = {isa = PBXFileReference; lastKnownFileType = image.png; path = "Icon-Small-50.png"; sourceTree = "<group>"; };
		2FAEB1421856DF120066B1D3 /* Icon-Small-50@2x.png */ = {isa = PBXFileReference; lastKnownFileType = image.png; path = "Icon-Small-50@2x.png"; sourceTree = "<group>"; };
		2FAEB1431856DF120066B1D3 /* Icon-Small.png */ = {isa = PBXFileReference; lastKnownFileType = image.png; path = "Icon-Small.png"; sourceTree = "<group>"; };
		2FAEB1441856DF120066B1D3 /* Icon-Small@2x.png */ = {isa = PBXFileReference; lastKnownFileType = image.png; path = "Icon-Small@2x.png"; sourceTree = "<group>"; };
		2FAEB1451856DF120066B1D3 /* Icon.png */ = {isa = PBXFileReference; lastKnownFileType = image.png; path = Icon.png; sourceTree = "<group>"; };
		2FAEB1461856DF120066B1D3 /* Icon@2x.png */ = {isa = PBXFileReference; lastKnownFileType = image.png; path = "Icon@2x.png"; sourceTree = "<group>"; };
		2FAEB1471856DF120066B1D3 /* iTunesArtwork.png */ = {isa = PBXFileReference; lastKnownFileType = image.png; path = iTunesArtwork.png; sourceTree = "<group>"; };
		2FAEB1481856DF120066B1D3 /* iTunesArtwork@2x.png */ = {isa = PBXFileReference; lastKnownFileType = image.png; path = "iTunesArtwork@2x.png"; sourceTree = "<group>"; };
		2FDBDC9F184905C4001B24DA /* PFUser+Compare.h */ = {isa = PBXFileReference; fileEncoding = 4; lastKnownFileType = sourcecode.c.h; path = "PFUser+Compare.h"; sourceTree = "<group>"; };
		2FDBDCA0184905C4001B24DA /* PFUser+Compare.m */ = {isa = PBXFileReference; fileEncoding = 4; lastKnownFileType = sourcecode.c.objc; path = "PFUser+Compare.m"; sourceTree = "<group>"; };
		C811084E1831AF690045BD85 /* PTRevealViewController.h */ = {isa = PBXFileReference; fileEncoding = 4; lastKnownFileType = sourcecode.c.h; path = PTRevealViewController.h; sourceTree = "<group>"; };
		C811084F1831AF690045BD85 /* PTRevealViewController.m */ = {isa = PBXFileReference; fileEncoding = 4; lastKnownFileType = sourcecode.c.objc; path = PTRevealViewController.m; sourceTree = "<group>"; };
		C830B99A1832D259000FFD65 /* PTManagedGroupsViewController.h */ = {isa = PBXFileReference; fileEncoding = 4; lastKnownFileType = sourcecode.c.h; path = PTManagedGroupsViewController.h; sourceTree = "<group>"; };
		C830B99B1832D259000FFD65 /* PTManagedGroupsViewController.m */ = {isa = PBXFileReference; fileEncoding = 4; lastKnownFileType = sourcecode.c.objc; path = PTManagedGroupsViewController.m; sourceTree = "<group>"; };
		C830B99D1832D98A000FFD65 /* PTGroup.h */ = {isa = PBXFileReference; fileEncoding = 4; lastKnownFileType = sourcecode.c.h; path = PTGroup.h; sourceTree = "<group>"; };
		C830B99E1832D98A000FFD65 /* PTGroup.m */ = {isa = PBXFileReference; fileEncoding = 4; lastKnownFileType = sourcecode.c.objc; path = PTGroup.m; sourceTree = "<group>"; };
		C830B9A31832E2C2000FFD65 /* PTAddManagedGroupViewController.h */ = {isa = PBXFileReference; fileEncoding = 4; lastKnownFileType = sourcecode.c.h; path = PTAddManagedGroupViewController.h; sourceTree = "<group>"; };
		C830B9A41832E2C2000FFD65 /* PTAddManagedGroupViewController.m */ = {isa = PBXFileReference; fileEncoding = 4; lastKnownFileType = sourcecode.c.objc; path = PTAddManagedGroupViewController.m; sourceTree = "<group>"; };
		C83C859F182DADB40028A722 /* Book.png */ = {isa = PBXFileReference; lastKnownFileType = image.png; path = Book.png; sourceTree = "<group>"; };
		C83C85A0182DADB40028A722 /* Calendar.png */ = {isa = PBXFileReference; lastKnownFileType = image.png; path = Calendar.png; sourceTree = "<group>"; };
		C83C85A2182DADB40028A722 /* Clipboard.png */ = {isa = PBXFileReference; lastKnownFileType = image.png; path = Clipboard.png; sourceTree = "<group>"; };
		C83C85A3182DADB40028A722 /* Compas.png */ = {isa = PBXFileReference; lastKnownFileType = image.png; path = Compas.png; sourceTree = "<group>"; };
		C83C85A4182DADB40028A722 /* Gift-Box.png */ = {isa = PBXFileReference; lastKnownFileType = image.png; path = "Gift-Box.png"; sourceTree = "<group>"; };
		C83C85A5182DADB40028A722 /* Infinity-Loop.png */ = {isa = PBXFileReference; lastKnownFileType = image.png; path = "Infinity-Loop.png"; sourceTree = "<group>"; };
		C83C85A6182DADB40028A722 /* Mail.png */ = {isa = PBXFileReference; lastKnownFileType = image.png; path = Mail.png; sourceTree = "<group>"; };
		C83C85A7182DADB40028A722 /* Map.png */ = {isa = PBXFileReference; lastKnownFileType = image.png; path = Map.png; sourceTree = "<group>"; };
		C83C85A8182DADB40028A722 /* Pensils.png */ = {isa = PBXFileReference; lastKnownFileType = image.png; path = Pensils.png; sourceTree = "<group>"; };
		C83C85A9182DADB40028A722 /* Pocket.png */ = {isa = PBXFileReference; lastKnownFileType = image.png; path = Pocket.png; sourceTree = "<group>"; };
		C83C85AA182DADB40028A722 /* Retina-Ready.png */ = {isa = PBXFileReference; lastKnownFileType = image.png; path = "Retina-Ready.png"; sourceTree = "<group>"; };
		C83C85AB182DADB40028A722 /* Toilet-Paper.png */ = {isa = PBXFileReference; lastKnownFileType = image.png; path = "Toilet-Paper.png"; sourceTree = "<group>"; };
		C83C85AC182DADB40028A722 /* Watches.png */ = {isa = PBXFileReference; lastKnownFileType = image.png; path = Watches.png; sourceTree = "<group>"; };
		C83C85BE182DB2470028A722 /* SWRevealViewController.h */ = {isa = PBXFileReference; lastKnownFileType = sourcecode.c.h; path = SWRevealViewController.h; sourceTree = "<group>"; };
		C83C85BF182DB2470028A722 /* SWRevealViewController.m */ = {isa = PBXFileReference; lastKnownFileType = sourcecode.c.objc; path = SWRevealViewController.m; sourceTree = "<group>"; };
		C83C85C0182DB6210028A722 /* menu.png */ = {isa = PBXFileReference; lastKnownFileType = image.png; path = menu.png; sourceTree = "<group>"; };
		C83C85C1182DB6210028A722 /* menu@2x.png */ = {isa = PBXFileReference; lastKnownFileType = image.png; path = "menu@2x.png"; sourceTree = "<group>"; };
		C83C85CA182DB74E0028A722 /* PTMembershipViewController.h */ = {isa = PBXFileReference; fileEncoding = 4; lastKnownFileType = sourcecode.c.h; path = PTMembershipViewController.h; sourceTree = "<group>"; };
		C83C85CB182DB74E0028A722 /* PTMembershipViewController.m */ = {isa = PBXFileReference; fileEncoding = 4; lastKnownFileType = sourcecode.c.objc; path = PTMembershipViewController.m; sourceTree = "<group>"; };
		C83C85D0182DBA890028A722 /* PTSidebarViewController.h */ = {isa = PBXFileReference; fileEncoding = 4; lastKnownFileType = sourcecode.c.h; path = PTSidebarViewController.h; sourceTree = "<group>"; };
		C83C85D1182DBA8A0028A722 /* PTSidebarViewController.m */ = {isa = PBXFileReference; fileEncoding = 4; lastKnownFileType = sourcecode.c.objc; path = PTSidebarViewController.m; sourceTree = "<group>"; };
		C83C85D3182DC22F0028A722 /* PTSettingsViewController.h */ = {isa = PBXFileReference; fileEncoding = 4; lastKnownFileType = sourcecode.c.h; path = PTSettingsViewController.h; sourceTree = "<group>"; };
		C83C85D4182DC22F0028A722 /* PTSettingsViewController.m */ = {isa = PBXFileReference; fileEncoding = 4; lastKnownFileType = sourcecode.c.objc; path = PTSettingsViewController.m; sourceTree = "<group>"; };
		C86268CE1828781C0092B910 /* PerfecTiming.app */ = {isa = PBXFileReference; explicitFileType = wrapper.application; includeInIndex = 0; path = PerfecTiming.app; sourceTree = BUILT_PRODUCTS_DIR; };
		C86268D11828781C0092B910 /* UIKit.framework */ = {isa = PBXFileReference; lastKnownFileType = wrapper.framework; name = UIKit.framework; path = System/Library/Frameworks/UIKit.framework; sourceTree = SDKROOT; };
		C86268D31828781C0092B910 /* Foundation.framework */ = {isa = PBXFileReference; lastKnownFileType = wrapper.framework; name = Foundation.framework; path = System/Library/Frameworks/Foundation.framework; sourceTree = SDKROOT; };
		C86268D51828781C0092B910 /* CoreGraphics.framework */ = {isa = PBXFileReference; lastKnownFileType = wrapper.framework; name = CoreGraphics.framework; path = System/Library/Frameworks/CoreGraphics.framework; sourceTree = SDKROOT; };
		C86268D91828781C0092B910 /* PerfecTiming-Info.plist */ = {isa = PBXFileReference; lastKnownFileType = text.plist.xml; path = "PerfecTiming-Info.plist"; sourceTree = "<group>"; };
		C86268DB1828781C0092B910 /* en */ = {isa = PBXFileReference; lastKnownFileType = text.plist.strings; name = en; path = en.lproj/InfoPlist.strings; sourceTree = "<group>"; };
		C86268DD1828781C0092B910 /* main.m */ = {isa = PBXFileReference; lastKnownFileType = sourcecode.c.objc; path = main.m; sourceTree = "<group>"; };
		C86268DF1828781C0092B910 /* PerfecTiming-Prefix.pch */ = {isa = PBXFileReference; lastKnownFileType = sourcecode.c.h; path = "PerfecTiming-Prefix.pch"; sourceTree = "<group>"; };
		C86268E01828781C0092B910 /* PTAppDelegate.h */ = {isa = PBXFileReference; lastKnownFileType = sourcecode.c.h; path = PTAppDelegate.h; sourceTree = "<group>"; };
		C86268E11828781C0092B910 /* PTAppDelegate.m */ = {isa = PBXFileReference; lastKnownFileType = sourcecode.c.objc; path = PTAppDelegate.m; sourceTree = "<group>"; };
		C86268E31828781C0092B910 /* Default.png */ = {isa = PBXFileReference; lastKnownFileType = image.png; path = Default.png; sourceTree = "<group>"; };
		C86268E51828781C0092B910 /* Default@2x.png */ = {isa = PBXFileReference; lastKnownFileType = image.png; path = "Default@2x.png"; sourceTree = "<group>"; };
		C86268E71828781C0092B910 /* Default-568h@2x.png */ = {isa = PBXFileReference; lastKnownFileType = image.png; path = "Default-568h@2x.png"; sourceTree = "<group>"; };
		C86268EA1828781C0092B910 /* en */ = {isa = PBXFileReference; lastKnownFileType = file.storyboard; name = en; path = en.lproj/MainStoryboard.storyboard; sourceTree = "<group>"; };
		C86268F4182878900092B910 /* Parse.framework */ = {isa = PBXFileReference; lastKnownFileType = wrapper.framework; path = Parse.framework; sourceTree = "<group>"; };
		C86268F6182878FE0092B910 /* AudioToolbox.framework */ = {isa = PBXFileReference; lastKnownFileType = wrapper.framework; name = AudioToolbox.framework; path = System/Library/Frameworks/AudioToolbox.framework; sourceTree = SDKROOT; };
		C86268F8182879040092B910 /* CFNetwork.framework */ = {isa = PBXFileReference; lastKnownFileType = wrapper.framework; name = CFNetwork.framework; path = System/Library/Frameworks/CFNetwork.framework; sourceTree = SDKROOT; };
		C86268FA1828791A0092B910 /* CoreLocation.framework */ = {isa = PBXFileReference; lastKnownFileType = wrapper.framework; name = CoreLocation.framework; path = System/Library/Frameworks/CoreLocation.framework; sourceTree = SDKROOT; };
		C86268FC182879250092B910 /* libz.1.1.3.dylib */ = {isa = PBXFileReference; lastKnownFileType = "compiled.mach-o.dylib"; name = libz.1.1.3.dylib; path = usr/lib/libz.1.1.3.dylib; sourceTree = SDKROOT; };
		C86268FE1828792E0092B910 /* MobileCoreServices.framework */ = {isa = PBXFileReference; lastKnownFileType = wrapper.framework; name = MobileCoreServices.framework; path = System/Library/Frameworks/MobileCoreServices.framework; sourceTree = SDKROOT; };
		C8626900182879360092B910 /* QuartzCore.framework */ = {isa = PBXFileReference; lastKnownFileType = wrapper.framework; name = QuartzCore.framework; path = System/Library/Frameworks/QuartzCore.framework; sourceTree = SDKROOT; };
		C86269021828793B0092B910 /* Security.framework */ = {isa = PBXFileReference; lastKnownFileType = wrapper.framework; name = Security.framework; path = System/Library/Frameworks/Security.framework; sourceTree = SDKROOT; };
		C8626906182879480092B910 /* SystemConfiguration.framework */ = {isa = PBXFileReference; lastKnownFileType = wrapper.framework; name = SystemConfiguration.framework; path = System/Library/Frameworks/SystemConfiguration.framework; sourceTree = SDKROOT; };
/* End PBXFileReference section */

/* Begin PBXFrameworksBuildPhase section */
		C86268CB1828781C0092B910 /* Frameworks */ = {
			isa = PBXFrameworksBuildPhase;
			buildActionMask = 2147483647;
			files = (
				2F63EF82183F0E47004137C7 /* EventKit.framework in Frameworks */,
				2F63EF83183F0E47004137C7 /* EventKitUI.framework in Frameworks */,
				C8626907182879480092B910 /* SystemConfiguration.framework in Frameworks */,
				C86269031828793B0092B910 /* Security.framework in Frameworks */,
				C8626901182879360092B910 /* QuartzCore.framework in Frameworks */,
				C86268FF1828792E0092B910 /* MobileCoreServices.framework in Frameworks */,
				C86268FD182879250092B910 /* libz.1.1.3.dylib in Frameworks */,
				C86268FB1828791A0092B910 /* CoreLocation.framework in Frameworks */,
				C86268D61828781C0092B910 /* CoreGraphics.framework in Frameworks */,
				C86268F9182879040092B910 /* CFNetwork.framework in Frameworks */,
				C86268F7182878FE0092B910 /* AudioToolbox.framework in Frameworks */,
				C86268D21828781C0092B910 /* UIKit.framework in Frameworks */,
				C86268D41828781C0092B910 /* Foundation.framework in Frameworks */,
				C86268F5182878900092B910 /* Parse.framework in Frameworks */,
			);
			runOnlyForDeploymentPostprocessing = 0;
		};
/* End PBXFrameworksBuildPhase section */

/* Begin PBXGroup section */
		2F60C15C18446FD200EAA758 /* Settings */ = {
			isa = PBXGroup;
			children = (
				2F60C15918446F2F00EAA758 /* PTEditSettingsViewController.h */,
				2F60C15A18446F2F00EAA758 /* PTEditSettingsViewController.m */,
				C83C85D3182DC22F0028A722 /* PTSettingsViewController.h */,
				C83C85D4182DC22F0028A722 /* PTSettingsViewController.m */,
			);
			name = Settings;
			sourceTree = "<group>";
		};
		2F60C160184477D500EAA758 /* Entities */ = {
			isa = PBXGroup;
			children = (
				C830B99D1832D98A000FFD65 /* PTGroup.h */,
				C830B99E1832D98A000FFD65 /* PTGroup.m */,
				2F63EF51183A6F6A004137C7 /* PTMeeting.h */,
				2F63EF52183A6F6A004137C7 /* PTMeeting.m */,
				2F63EF71183BFC9E004137C7 /* PTMeetingAttendee.h */,
				2F63EF72183BFC9E004137C7 /* PTMeetingAttendee.m */,
				2F63EF84183FFE0B004137C7 /* PTMeetingAvailabilityModel.h */,
				2F63EF85183FFE0B004137C7 /* PTMeetingAvailabilityModel.m */,
				2F1F1E021842FCC300C77BC8 /* PTMeetingDateRange.h */,
				2F1F1E031842FCC300C77BC8 /* PTMeetingDateRange.m */,
				2F63EF68183AF493004137C7 /* PTMeetingTime.h */,
				2F63EF69183AF493004137C7 /* PTMeetingTime.m */,
				2F63EF411839806E004137C7 /* PTMembership.h */,
				2F63EF421839806E004137C7 /* PTMembership.m */,
				2FAD306A185C2BF800B06B49 /* PTNotification.h */,
				2FAD306B185C2BF800B06B49 /* PTNotification.m */,
			);
			name = Entities;
			sourceTree = "<group>";
		};
		2F63EF58183AB6B2004137C7 /* Managed Groups */ = {
			isa = PBXGroup;
			children = (
				C830B9A31832E2C2000FFD65 /* PTAddManagedGroupViewController.h */,
				C830B9A41832E2C2000FFD65 /* PTAddManagedGroupViewController.m */,
				2F63EF5F183ADB09004137C7 /* PTGroupMemberInfoViewController.h */,
				2F63EF60183ADB09004137C7 /* PTGroupMemberInfoViewController.m */,
				2F63EF5C183ABF2B004137C7 /* PTGroupMembersViewController.h */,
				2F63EF5D183ABF2B004137C7 /* PTGroupMembersViewController.m */,
				2F63EF4A1839B759004137C7 /* PTManagedGroupInfoViewController.h */,
				2F63EF4B1839B759004137C7 /* PTManagedGroupInfoViewController.m */,
				C830B99A1832D259000FFD65 /* PTManagedGroupsViewController.h */,
				C830B99B1832D259000FFD65 /* PTManagedGroupsViewController.m */,
			);
			name = "Managed Groups";
			sourceTree = "<group>";
		};
		2F63EF59183AB6BA004137C7 /* Managed Meetings */ = {
			isa = PBXGroup;
			children = (
				2F63EF55183AB18D004137C7 /* PTAddMeetingViewController.h */,
				2F63EF56183AB18D004137C7 /* PTAddMeetingViewController.m */,
				2F63EF6B183B2E59004137C7 /* PTCreateMeetingTimeViewController.h */,
				2F63EF6C183B2E59004137C7 /* PTCreateMeetingTimeViewController.m */,
				2F63EF65183AEF65004137C7 /* PTManagedMeetingInfoViewController.h */,
				2F63EF66183AEF65004137C7 /* PTManagedMeetingInfoViewController.m */,
				2F63EF4E183A6E59004137C7 /* PTManagedMeetingsViewController.h */,
				2F63EF4F183A6E59004137C7 /* PTManagedMeetingsViewController.m */,
				2F63EF62183AEDFF004137C7 /* PTManagedMeetingTimesViewController.h */,
				2F63EF63183AEDFF004137C7 /* PTManagedMeetingTimesViewController.m */,
				2F63EF7A183C5290004137C7 /* PTMeetingAttendeeAvailabilitiesViewController.h */,
				2F63EF7B183C5290004137C7 /* PTMeetingAttendeeAvailabilitiesViewController.m */,
			);
			name = "Managed Meetings";
			sourceTree = "<group>";
		};
		2F63EF5A183AB735004137C7 /* Group Membership */ = {
			isa = PBXGroup;
			children = (
				2F63EF441839937E004137C7 /* PTAddMembershipViewController.h */,
				2F63EF451839937E004137C7 /* PTAddMembershipViewController.m */,
				2F63EF7D183EA757004137C7 /* PTMembershipMeetingsViewController.h */,
				2F63EF7E183EA757004137C7 /* PTMembershipMeetingsViewController.m */,
				C83C85CA182DB74E0028A722 /* PTMembershipViewController.h */,
				C83C85CB182DB74E0028A722 /* PTMembershipViewController.m */,
				2FAD306D185E9AF200B06B49 /* PTMembershipInfoViewController.h */,
				2FAD306E185E9AF200B06B49 /* PTMembershipInfoViewController.m */,
			);
			name = "Group Membership";
			sourceTree = "<group>";
		};
		2FAEB12818567CFB0066B1D3 /* Views */ = {
			isa = PBXGroup;
			children = (
				C86268E91828781C0092B910 /* MainStoryboard.storyboard */,
				2FAEB126185636ED0066B1D3 /* PTMeetingTimeCell.xib */,
			);
			name = Views;
			sourceTree = "<group>";
		};
		2FAEB13E1856DF120066B1D3 /* app icons */ = {
			isa = PBXGroup;
			children = (
				2F61D11D185953730045EBA9 /* PerfecTiming.png */,
				2FAEB13F1856DF120066B1D3 /* Icon-72.png */,
				2FAEB1401856DF120066B1D3 /* Icon-72@2x.png */,
				2FAEB1411856DF120066B1D3 /* Icon-Small-50.png */,
				2FAEB1421856DF120066B1D3 /* Icon-Small-50@2x.png */,
				2FAEB1431856DF120066B1D3 /* Icon-Small.png */,
				2FAEB1441856DF120066B1D3 /* Icon-Small@2x.png */,
				2FAEB1451856DF120066B1D3 /* Icon.png */,
				2FAEB1461856DF120066B1D3 /* Icon@2x.png */,
				2FAEB1471856DF120066B1D3 /* iTunesArtwork.png */,
				2FAEB1481856DF120066B1D3 /* iTunesArtwork@2x.png */,
			);
			name = "app icons";
			path = ios;
			sourceTree = "<group>";
		};
		2FDBDC9E18485A4E001B24DA /* Categories */ = {
			isa = PBXGroup;
			children = (
				2F60C1531843EF8600EAA758 /* NSDate+Compare.h */,
				2F60C1541843EF8600EAA758 /* NSDate+Compare.m */,
				2F60C15D1844776100EAA758 /* NSString+Email.h */,
				2F60C15E1844776100EAA758 /* NSString+Email.m */,
				2FDBDC9F184905C4001B24DA /* PFUser+Compare.h */,
				2FDBDCA0184905C4001B24DA /* PFUser+Compare.m */,
			);
			name = Categories;
			sourceTree = "<group>";
		};
		C83C859E182DADB40028A722 /* images */ = {
			isa = PBXGroup;
			children = (
				C83C85C0182DB6210028A722 /* menu.png */,
				C83C85C1182DB6210028A722 /* menu@2x.png */,
				C83C859F182DADB40028A722 /* Book.png */,
				C83C85A0182DADB40028A722 /* Calendar.png */,
				C83C85A2182DADB40028A722 /* Clipboard.png */,
				C83C85A3182DADB40028A722 /* Compas.png */,
				C83C85A4182DADB40028A722 /* Gift-Box.png */,
				C83C85A5182DADB40028A722 /* Infinity-Loop.png */,
				C83C85A6182DADB40028A722 /* Mail.png */,
				C83C85A7182DADB40028A722 /* Map.png */,
				C83C85A8182DADB40028A722 /* Pensils.png */,
				C83C85A9182DADB40028A722 /* Pocket.png */,
				C83C85AA182DADB40028A722 /* Retina-Ready.png */,
				C83C85AB182DADB40028A722 /* Toilet-Paper.png */,
				C83C85AC182DADB40028A722 /* Watches.png */,
			);
			name = images;
			path = icons;
			sourceTree = "<group>";
		};
		C86268C51828781C0092B910 = {
			isa = PBXGroup;
			children = (
				C86268D71828781C0092B910 /* PerfecTiming */,
				C86268D01828781C0092B910 /* Frameworks */,
				C86268CF1828781C0092B910 /* Products */,
			);
			sourceTree = "<group>";
		};
		C86268CF1828781C0092B910 /* Products */ = {
			isa = PBXGroup;
			children = (
				C86268CE1828781C0092B910 /* PerfecTiming.app */,
			);
			name = Products;
			sourceTree = "<group>";
		};
		C86268D01828781C0092B910 /* Frameworks */ = {
			isa = PBXGroup;
			children = (
				C86268F6182878FE0092B910 /* AudioToolbox.framework */,
				C86268F8182879040092B910 /* CFNetwork.framework */,
				C86268D51828781C0092B910 /* CoreGraphics.framework */,
				C86268FA1828791A0092B910 /* CoreLocation.framework */,
				2F63EF80183F0E47004137C7 /* EventKit.framework */,
				2F63EF81183F0E47004137C7 /* EventKitUI.framework */,
				C86268D31828781C0092B910 /* Foundation.framework */,
				C86268FC182879250092B910 /* libz.1.1.3.dylib */,
				C86268FE1828792E0092B910 /* MobileCoreServices.framework */,
				C86268F4182878900092B910 /* Parse.framework */,
				C8626900182879360092B910 /* QuartzCore.framework */,
				C86269021828793B0092B910 /* Security.framework */,
				C8626906182879480092B910 /* SystemConfiguration.framework */,
				C86268D11828781C0092B910 /* UIKit.framework */,
			);
			name = Frameworks;
			sourceTree = "<group>";
		};
		C86268D71828781C0092B910 /* PerfecTiming */ = {
			isa = PBXGroup;
			children = (
				C862690918287B280092B910 /* Controllers */,
				C862690818287B100092B910 /* Models */,
				2FAEB12818567CFB0066B1D3 /* Views */,
				C86268D81828781C0092B910 /* Supporting Files */,
			);
			path = PerfecTiming;
			sourceTree = "<group>";
		};
		C86268D81828781C0092B910 /* Supporting Files */ = {
			isa = PBXGroup;
			children = (
				2FAEB13E1856DF120066B1D3 /* app icons */,
				C83C859E182DADB40028A722 /* images */,
				2F63EF3A18374D58004137C7 /* Constants.h */,
				2F63EF3B18374D58004137C7 /* Constants.m */,
				C86268E71828781C0092B910 /* Default-568h@2x.png */,
				C86268E31828781C0092B910 /* Default.png */,
				C86268E51828781C0092B910 /* Default@2x.png */,
				C86268DA1828781C0092B910 /* InfoPlist.strings */,
				C86268DD1828781C0092B910 /* main.m */,
				2F63EF3D18393ECC004137C7 /* MBProgressHUD.h */,
				2F63EF3E18393ECC004137C7 /* MBProgressHUD.m */,
				C86268D91828781C0092B910 /* PerfecTiming-Info.plist */,
				C86268DF1828781C0092B910 /* PerfecTiming-Prefix.pch */,
				C86268E01828781C0092B910 /* PTAppDelegate.h */,
				C86268E11828781C0092B910 /* PTAppDelegate.m */,
				C83C85BE182DB2470028A722 /* SWRevealViewController.h */,
				C83C85BF182DB2470028A722 /* SWRevealViewController.m */,
			);
			name = "Supporting Files";
			sourceTree = "<group>";
		};
		C862690818287B100092B910 /* Models */ = {
			isa = PBXGroup;
			children = (
				2FDBDC9E18485A4E001B24DA /* Categories */,
				2F60C160184477D500EAA758 /* Entities */,
				2F61D11F185A8F0A0045EBA9 /* PTChannelModel.h */,
				2F61D120185A8F0A0045EBA9 /* PTChannelModel.m */,
				2F60C16118458E2C00EAA758 /* PTMembershipModel.h */,
				2F60C16218458E2C00EAA758 /* PTMembershipModel.m */,
				2F60C156184447E100EAA758 /* PTPushModel.h */,
				2F60C157184447E100EAA758 /* PTPushModel.m */,
			);
			name = Models;
			sourceTree = "<group>";
		};
		C862690918287B280092B910 /* Controllers */ = {
			isa = PBXGroup;
			children = (
				2F63EF5A183AB735004137C7 /* Group Membership */,
				2F63EF58183AB6B2004137C7 /* Managed Groups */,
				2F63EF59183AB6BA004137C7 /* Managed Meetings */,
				2F60C15C18446FD200EAA758 /* Settings */,
				2FAEB12318558C3F0066B1D3 /* PTMeetingTimeCell.h */,
				2FAEB12418558C3F0066B1D3 /* PTMeetingTimeCell.m */,
				2FAD3067185C2B5D00B06B49 /* PTNotificationsViewController.h */,
				2FAD3068185C2B5D00B06B49 /* PTNotificationsViewController.m */,
				C811084E1831AF690045BD85 /* PTRevealViewController.h */,
				C811084F1831AF690045BD85 /* PTRevealViewController.m */,
				C83C85D0182DBA890028A722 /* PTSidebarViewController.h */,
				C83C85D1182DBA8A0028A722 /* PTSidebarViewController.m */,
			);
			name = Controllers;
			sourceTree = "<group>";
		};
/* End PBXGroup section */

/* Begin PBXNativeTarget section */
		C86268CD1828781C0092B910 /* PerfecTiming */ = {
			isa = PBXNativeTarget;
			buildConfigurationList = C86268F11828781C0092B910 /* Build configuration list for PBXNativeTarget "PerfecTiming" */;
			buildPhases = (
				C86268CA1828781C0092B910 /* Sources */,
				C86268CB1828781C0092B910 /* Frameworks */,
				C86268CC1828781C0092B910 /* Resources */,
			);
			buildRules = (
			);
			dependencies = (
			);
			name = PerfecTiming;
			productName = PerfecTiming;
			productReference = C86268CE1828781C0092B910 /* PerfecTiming.app */;
			productType = "com.apple.product-type.application";
		};
/* End PBXNativeTarget section */

/* Begin PBXProject section */
		C86268C61828781C0092B910 /* Project object */ = {
			isa = PBXProject;
			attributes = {
				CLASSPREFIX = PT;
				LastUpgradeCheck = 0460;
				ORGANIZATIONNAME = "BRIAN J GOLDEN";
				TargetAttributes = {
					C86268CD1828781C0092B910 = {
						DevelopmentTeam = L38GWSMVUV;
						SystemCapabilities = {
							com.apple.InAppPurchase = {
								enabled = 0;
							};
						};
					};
				};
			};
			buildConfigurationList = C86268C91828781C0092B910 /* Build configuration list for PBXProject "PerfecTiming" */;
			compatibilityVersion = "Xcode 3.2";
			developmentRegion = English;
			hasScannedForEncodings = 0;
			knownRegions = (
				en,
			);
			mainGroup = C86268C51828781C0092B910;
			productRefGroup = C86268CF1828781C0092B910 /* Products */;
			projectDirPath = "";
			projectRoot = "";
			targets = (
				C86268CD1828781C0092B910 /* PerfecTiming */,
			);
		};
/* End PBXProject section */

/* Begin PBXResourcesBuildPhase section */
		C86268CC1828781C0092B910 /* Resources */ = {
			isa = PBXResourcesBuildPhase;
			buildActionMask = 2147483647;
			files = (
				2F61D11E185953730045EBA9 /* PerfecTiming.png in Resources */,
				C86268DC1828781C0092B910 /* InfoPlist.strings in Resources */,
				2FAEB1501856DF120066B1D3 /* Icon@2x.png in Resources */,
				C86268E41828781C0092B910 /* Default.png in Resources */,
				C86268E61828781C0092B910 /* Default@2x.png in Resources */,
				2FAEB1491856DF120066B1D3 /* Icon-72.png in Resources */,
				C86268E81828781C0092B910 /* Default-568h@2x.png in Resources */,
				C86268EB1828781C0092B910 /* MainStoryboard.storyboard in Resources */,
				C83C85AD182DADB40028A722 /* Book.png in Resources */,
				C83C85AE182DADB40028A722 /* Calendar.png in Resources */,
				2FAEB14A1856DF120066B1D3 /* Icon-72@2x.png in Resources */,
				C83C85B0182DADB40028A722 /* Clipboard.png in Resources */,
				C83C85B1182DADB40028A722 /* Compas.png in Resources */,
				C83C85B2182DADB40028A722 /* Gift-Box.png in Resources */,
				2FAEB14F1856DF120066B1D3 /* Icon.png in Resources */,
				2FAEB14E1856DF120066B1D3 /* Icon-Small@2x.png in Resources */,
				2FAEB1521856DF120066B1D3 /* iTunesArtwork@2x.png in Resources */,
				C83C85B3182DADB40028A722 /* Infinity-Loop.png in Resources */,
				C83C85B4182DADB40028A722 /* Mail.png in Resources */,
				C83C85B5182DADB40028A722 /* Map.png in Resources */,
				2FAEB1511856DF120066B1D3 /* iTunesArtwork.png in Resources */,
				C83C85B6182DADB40028A722 /* Pensils.png in Resources */,
				2FAEB14D1856DF120066B1D3 /* Icon-Small.png in Resources */,
				2FAEB127185636ED0066B1D3 /* PTMeetingTimeCell.xib in Resources */,
				C83C85B7182DADB40028A722 /* Pocket.png in Resources */,
				C83C85B8182DADB40028A722 /* Retina-Ready.png in Resources */,
				C83C85B9182DADB40028A722 /* Toilet-Paper.png in Resources */,
				C83C85BA182DADB40028A722 /* Watches.png in Resources */,
				2FAEB14B1856DF120066B1D3 /* Icon-Small-50.png in Resources */,
				2FAEB14C1856DF120066B1D3 /* Icon-Small-50@2x.png in Resources */,
				C83C85C2182DB6220028A722 /* menu.png in Resources */,
				C83C85C3182DB6220028A722 /* menu@2x.png in Resources */,
			);
			runOnlyForDeploymentPostprocessing = 0;
		};
/* End PBXResourcesBuildPhase section */

/* Begin PBXSourcesBuildPhase section */
		C86268CA1828781C0092B910 /* Sources */ = {
			isa = PBXSourcesBuildPhase;
			buildActionMask = 2147483647;
			files = (
				2F63EF461839937E004137C7 /* PTAddMembershipViewController.m in Sources */,
				2F63EF53183A6F6A004137C7 /* PTMeeting.m in Sources */,
				2F61D121185A8F0A0045EBA9 /* PTChannelModel.m in Sources */,
				2F63EF67183AEF65004137C7 /* PTManagedMeetingInfoViewController.m in Sources */,
				2F63EF73183BFC9E004137C7 /* PTMeetingAttendee.m in Sources */,
				2FAD3069185C2B5D00B06B49 /* PTNotificationsViewController.m in Sources */,
				2F63EF86183FFE0B004137C7 /* PTMeetingAvailabilityModel.m in Sources */,
				2F60C15F1844776100EAA758 /* NSString+Email.m in Sources */,
				2F63EF64183AEDFF004137C7 /* PTManagedMeetingTimesViewController.m in Sources */,
				2F63EF40183943F7004137C7 /* Constants.m in Sources */,
				2F63EF431839806E004137C7 /* PTMembership.m in Sources */,
				C83C85CF182DB9BE0028A722 /* SWRevealViewController.m in Sources */,
				C86268DE1828781C0092B910 /* main.m in Sources */,
				2F60C158184447E100EAA758 /* PTPushModel.m in Sources */,
				C86268E21828781C0092B910 /* PTAppDelegate.m in Sources */,
				2F60C16318458E2C00EAA758 /* PTMembershipModel.m in Sources */,
				C83C85CC182DB74E0028A722 /* PTMembershipViewController.m in Sources */,
				2F63EF7F183EA757004137C7 /* PTMembershipMeetingsViewController.m in Sources */,
				C83C85D2182DBA8A0028A722 /* PTSidebarViewController.m in Sources */,
				C83C85D5182DC22F0028A722 /* PTSettingsViewController.m in Sources */,
				2FAEB12518558C3F0066B1D3 /* PTMeetingTimeCell.m in Sources */,
				2F63EF50183A6E59004137C7 /* PTManagedMeetingsViewController.m in Sources */,
				C81108501831AF690045BD85 /* PTRevealViewController.m in Sources */,
				C830B99C1832D259000FFD65 /* PTManagedGroupsViewController.m in Sources */,
				2FDBDCA1184905C4001B24DA /* PFUser+Compare.m in Sources */,
				2F60C15B18446F2F00EAA758 /* PTEditSettingsViewController.m in Sources */,
				2F1F1E041842FCC300C77BC8 /* PTMeetingDateRange.m in Sources */,
				2F63EF3F18393ECC004137C7 /* MBProgressHUD.m in Sources */,
				2FAD306F185E9AF200B06B49 /* PTMembershipInfoViewController.m in Sources */,
				C830B99F1832D98A000FFD65 /* PTGroup.m in Sources */,
				2F63EF57183AB18D004137C7 /* PTAddMeetingViewController.m in Sources */,
				2F60C1551843EF8600EAA758 /* NSDate+Compare.m in Sources */,
				2F63EF6A183AF493004137C7 /* PTMeetingTime.m in Sources */,
				2F63EF61183ADB09004137C7 /* PTGroupMemberInfoViewController.m in Sources */,
				2F63EF4C1839B759004137C7 /* PTManagedGroupInfoViewController.m in Sources */,
				2F63EF6D183B2E59004137C7 /* PTCreateMeetingTimeViewController.m in Sources */,
				C830B9A51832E2C2000FFD65 /* PTAddManagedGroupViewController.m in Sources */,
				2F63EF5E183ABF2B004137C7 /* PTGroupMembersViewController.m in Sources */,
				2FAD306C185C2BF800B06B49 /* PTNotification.m in Sources */,
				2F63EF7C183C5290004137C7 /* PTMeetingAttendeeAvailabilitiesViewController.m in Sources */,
			);
			runOnlyForDeploymentPostprocessing = 0;
		};
/* End PBXSourcesBuildPhase section */

/* Begin PBXVariantGroup section */
		C86268DA1828781C0092B910 /* InfoPlist.strings */ = {
			isa = PBXVariantGroup;
			children = (
				C86268DB1828781C0092B910 /* en */,
			);
			name = InfoPlist.strings;
			sourceTree = "<group>";
		};
		C86268E91828781C0092B910 /* MainStoryboard.storyboard */ = {
			isa = PBXVariantGroup;
			children = (
				C86268EA1828781C0092B910 /* en */,
			);
			name = MainStoryboard.storyboard;
			sourceTree = "<group>";
		};
/* End PBXVariantGroup section */

/* Begin XCBuildConfiguration section */
		C86268EF1828781C0092B910 /* Debug */ = {
			isa = XCBuildConfiguration;
			buildSettings = {
				ALWAYS_SEARCH_USER_PATHS = NO;
				CLANG_CXX_LANGUAGE_STANDARD = "gnu++0x";
				CLANG_CXX_LIBRARY = "libc++";
				CLANG_ENABLE_OBJC_ARC = YES;
				CLANG_WARN_CONSTANT_CONVERSION = YES;
				CLANG_WARN_EMPTY_BODY = YES;
				CLANG_WARN_ENUM_CONVERSION = YES;
				CLANG_WARN_INT_CONVERSION = YES;
				CLANG_WARN__DUPLICATE_METHOD_MATCH = YES;
				"CODE_SIGN_IDENTITY[sdk=iphoneos*]" = "iPhone Developer";
				COPY_PHASE_STRIP = NO;
				GCC_C_LANGUAGE_STANDARD = gnu99;
				GCC_DYNAMIC_NO_PIC = NO;
				GCC_OPTIMIZATION_LEVEL = 0;
				GCC_PREPROCESSOR_DEFINITIONS = (
					"DEBUG=1",
					"$(inherited)",
				);
				GCC_SYMBOLS_PRIVATE_EXTERN = NO;
				GCC_WARN_ABOUT_RETURN_TYPE = YES;
				GCC_WARN_UNINITIALIZED_AUTOS = YES;
				GCC_WARN_UNUSED_VARIABLE = YES;
				IPHONEOS_DEPLOYMENT_TARGET = 6.1;
				ONLY_ACTIVE_ARCH = YES;
				SDKROOT = iphoneos;
			};
			name = Debug;
		};
		C86268F01828781C0092B910 /* Release */ = {
			isa = XCBuildConfiguration;
			buildSettings = {
				ALWAYS_SEARCH_USER_PATHS = NO;
				CLANG_CXX_LANGUAGE_STANDARD = "gnu++0x";
				CLANG_CXX_LIBRARY = "libc++";
				CLANG_ENABLE_OBJC_ARC = YES;
				CLANG_WARN_CONSTANT_CONVERSION = YES;
				CLANG_WARN_EMPTY_BODY = YES;
				CLANG_WARN_ENUM_CONVERSION = YES;
				CLANG_WARN_INT_CONVERSION = YES;
				CLANG_WARN__DUPLICATE_METHOD_MATCH = YES;
				"CODE_SIGN_IDENTITY[sdk=iphoneos*]" = "iPhone Developer";
				COPY_PHASE_STRIP = YES;
				GCC_C_LANGUAGE_STANDARD = gnu99;
				GCC_WARN_ABOUT_RETURN_TYPE = YES;
				GCC_WARN_UNINITIALIZED_AUTOS = YES;
				GCC_WARN_UNUSED_VARIABLE = YES;
				IPHONEOS_DEPLOYMENT_TARGET = 6.1;
				OTHER_CFLAGS = "-DNS_BLOCK_ASSERTIONS=1";
				SDKROOT = iphoneos;
				VALIDATE_PRODUCT = YES;
			};
			name = Release;
		};
		C86268F21828781C0092B910 /* Debug */ = {
			isa = XCBuildConfiguration;
			buildSettings = {
				CODE_SIGN_IDENTITY = "iPhone Developer";
				"CODE_SIGN_IDENTITY[sdk=iphoneos*]" = "iPhone Developer";
				FRAMEWORK_SEARCH_PATHS = (
					"$(inherited)",
					"\"$(SRCROOT)\"",
				);
				GCC_PRECOMPILE_PREFIX_HEADER = YES;
				GCC_PREFIX_HEADER = "PerfecTiming/PerfecTiming-Prefix.pch";
				INFOPLIST_FILE = "PerfecTiming/PerfecTiming-Info.plist";
				PRODUCT_NAME = "$(TARGET_NAME)";
				PROVISIONING_PROFILE = "";
				"PROVISIONING_PROFILE[sdk=iphoneos*]" = "3EA25F7B-D4D4-4691-A0CD-6BD20FBA1732";
				WRAPPER_EXTENSION = app;
			};
			name = Debug;
		};
		C86268F31828781C0092B910 /* Release */ = {
			isa = XCBuildConfiguration;
			buildSettings = {
				CODE_SIGN_IDENTITY = "iPhone Developer";
				"CODE_SIGN_IDENTITY[sdk=iphoneos*]" = "iPhone Developer";
				FRAMEWORK_SEARCH_PATHS = (
					"$(inherited)",
					"\"$(SRCROOT)\"",
				);
				GCC_PRECOMPILE_PREFIX_HEADER = YES;
				GCC_PREFIX_HEADER = "PerfecTiming/PerfecTiming-Prefix.pch";
				INFOPLIST_FILE = "PerfecTiming/PerfecTiming-Info.plist";
				PRODUCT_NAME = "$(TARGET_NAME)";
				PROVISIONING_PROFILE = "";
				"PROVISIONING_PROFILE[sdk=iphoneos*]" = "3EA25F7B-D4D4-4691-A0CD-6BD20FBA1732";
				WRAPPER_EXTENSION = app;
			};
			name = Release;
		};
/* End XCBuildConfiguration section */

/* Begin XCConfigurationList section */
		C86268C91828781C0092B910 /* Build configuration list for PBXProject "PerfecTiming" */ = {
			isa = XCConfigurationList;
			buildConfigurations = (
				C86268EF1828781C0092B910 /* Debug */,
				C86268F01828781C0092B910 /* Release */,
			);
			defaultConfigurationIsVisible = 0;
			defaultConfigurationName = Release;
		};
		C86268F11828781C0092B910 /* Build configuration list for PBXNativeTarget "PerfecTiming" */ = {
			isa = XCConfigurationList;
			buildConfigurations = (
				C86268F21828781C0092B910 /* Debug */,
				C86268F31828781C0092B910 /* Release */,
			);
			defaultConfigurationIsVisible = 0;
			defaultConfigurationName = Release;
		};
/* End XCConfigurationList section */
	};
	rootObject = C86268C61828781C0092B910 /* Project object */;
}
